{
  "version": 2,
  "dependencies": {
    "net10.0": {
      "Meziantou.Analyzer": {
        "type": "Direct",
        "requested": "[3.0.259, )",
        "resolved": "3.0.259",
        "contentHash": "WhnkpMzWWsUhdEEyPVXRVZx1maVnfymzJuzZn3bkDsgrgFd4WxKfCLzG1ZK7k0dmuJC8T9IAM72UwYaA1wmF/Q=="
      },
      "SharpFuzz": {
        "type": "Direct",
        "requested": "[2.3.0, )",
        "resolved": "2.3.0",
        "contentHash": "5f11toR82RVCIBTr5XuuauJgesGVXIAO6vBCvLThNbrcer9NN6qB2HCA/Q122BvH2qRPsLx14O6QVtCbgRQhog==",
        "dependencies": {
          "SharpFuzz.Common": "2.2.0",
          "dnlib": "4.4.0"
        }
      },
      "dnlib": {
        "type": "Transitive",
        "resolved": "4.4.0",
        "contentHash": "cKHI720q+zfEEvzklWVGt6B0TH3AibAyJbpUJl4U6KvTP13tycfnqJpkGHRZ/oQ45BTIoIxIwltHIJVDN+iCqQ=="
      },
      "Microsoft.NETCore.Platforms": {
        "type": "Transitive",
        "resolved": "1.0.1",
        "contentHash": "2G6OjjJzwBfNOO8myRV/nFrbTw5iA+DEm0N+qUqhrOmaVtn4pC77h38I1jsXGw5VH55+dPfQsqHD0We9sCl9FQ=="
      },
      "NETStandard.Library": {
        "type": "Transitive",
        "resolved": "1.6.0",
        "contentHash": "ypsCvIdCZ4IoYASJHt6tF2fMo7N30NLgV1EbmC+snO490OMl9FvVxmumw14rhReWU3j3g7BYudG6YCrchwHJlA==",
        "dependencies": {
          "Microsoft.NETCore.Platforms": "1.0.1"
        }
      },
      "SharpFuzz.Common": {
        "type": "Transitive",
        "resolved": "2.2.0",
        "contentHash": "biITWpwnMR7HUp43lAGU97DWq/4LfyXqqhuOK0Z4IuRP97KjQMOe/GKq3wE1KY21gNrc7OPO9HbAtQUvMKTImA=="
      },
      "oslc4net.core": {
        "type": "Project",
        "dependencies": {
          "CommunityToolkit.Diagnostics": "[8.4.2, )"
        }
      },
      "oslc4net.core.query": {
        "type": "Project",
        "dependencies": {
          "Antlr3.Runtime": "[3.5.1, )",
          "CommunityToolkit.Diagnostics": "[8.4.2, )",
          "OSLC4Net.Core": "[99.99.99.9999, )"
        }
      },
      "Antlr3.Runtime": {
        "type": "CentralTransitive",
        "requested": "[3.5.1, )",
        "resolved": "3.5.1",
        "contentHash": "ZwCEpLCLZXkjzf1lYEixp9hgVlYYk33ACHn6xjFyVhGRi2BpoYQez0qtatbetdylASWYTG+cGz0CGR4z66JM4w==",
        "dependencies": {
          "NETStandard.Library": "1.6.0"
        }
      },
      "CommunityToolkit.Diagnostics": {
        "type": "CentralTransitive",
        "requested": "[8.4.2, )",
        "resolved": "8.4.2",
        "contentHash": "WC0fk3A49gk6kWjhSZ8CDgPkv+wPHGhMFxUrKRlLtzUYXRFOdTDQ4RsEkZnI9ApO7eJh6nqT2MFmwFptpMs7aw=="
      }
    }
  }
}
