
Microsoft Visual Studio Solution File, Format Version 12.00
# Visual Studio Version 17
VisualStudioVersion = 17.5.33516.290
MinimumVisualStudioVersion = 10.0.40219.1
Project("{9A19103F-16F7-4668-BE54-9A1E7A4F7556}") = "OSLC4Net.Core", "OSLC4Net.Core\OSLC4Net.Core.csproj", "{C07B57BD-3356-4AD8-8050-D708B023A8EC}"
EndProject
Project("{2150E333-8FDC-42A3-9474-1A3956D46DE8}") = "Solution Items", "Solution Items", "{1B650CF7-24E5-444B-9C9E-91EFAEBAEA29}"
	ProjectSection(SolutionItems) = preProject
		Local.testsettings = Local.testsettings
		OSLC4Net.Core.vsmdi = OSLC4Net.Core.vsmdi
		TraceAndTestImpact.testsettings = TraceAndTestImpact.testsettings
	EndProjectSection
EndProject
Project("{9A19103F-16F7-4668-BE54-9A1E7A4F7556}") = "OSLC4Net.ChangeManagementCommon", "OSLC4Net.ChangeManagement\OSLC4Net.ChangeManagementCommon.csproj", "{7D5575DD-57DB-4727-906B-A5FD1149C6A4}"
EndProject
Project("{9A19103F-16F7-4668-BE54-9A1E7A4F7556}") = "OSLC4Net.Client", "OSLC4Net.Client\OSLC4Net.Client.csproj", "{EED02B8F-2C90-4484-B4B6-BB510750B84C}"
EndProject
Project("{9A19103F-16F7-4668-BE54-9A1E7A4F7556}") = "OSLC4Net.Core.Query", "OSLC4Net.Core.Query\OSLC4Net.Core.Query.csproj", "{B7EC82FE-64D2-4271-8D04-3044046360FA}"
EndProject
Project("{2150E333-8FDC-42A3-9474-1A3956D46DE8}") = "Examples", "Examples", "{798E9CDD-103C-4972-BC15-C5AAAF75C37D}"
EndProject
Project("{9A19103F-16F7-4668-BE54-9A1E7A4F7556}") = "OSLC4Net.Client.RestSharp", "OSLC4Net.Client.RestSharp\OSLC4Net.Client.RestSharp.csproj", "{F2C07626-1C0B-4650-9C1A-37984876A720}"
Project("{9A19103F-16F7-4668-BE54-9A1E7A4F7556}") = "Oslc4NetExamples.Client", "Examples\Oslc4NetExamples.Client\Oslc4NetExamples.Client.csproj", "{96071622-1783-4274-80D0-C1A3E80FEEC8}"
EndProject
Project("{9A19103F-16F7-4668-BE54-9A1E7A4F7556}") = "OSLC4Net.Core.DotNetRdfProvider", "OSLC4Net.Core.DotNetRdfProvider\OSLC4Net.Core.DotNetRdfProvider.csproj", "{DE666628-9716-42D1-A7D7-E584625A6E3B}"
EndProject
Project("{9A19103F-16F7-4668-BE54-9A1E7A4F7556}") = "OSLC4Net.Core.JsonProvider", "OSLC4Net.Core.JsonProvider\OSLC4Net.Core.JsonProvider.csproj", "{0A5E0BBE-9591-4FCD-A91E-18F180434B49}"
EndProject
Project("{2150E333-8FDC-42A3-9474-1A3956D46DE8}") = "Tests", "Tests", "{5BCA08EA-BC25-4F9F-A825-8054E842619A}"
EndProject
Project("{9A19103F-16F7-4668-BE54-9A1E7A4F7556}") = "OSLC4Net.ChangeManagementTest", "Tests\OSLC4Net.ChangeManagementTest\OSLC4Net.ChangeManagementTest.csproj", "{533433C7-2431-4937-B861-0286CAD60BCF}"
EndProject
Project("{9A19103F-16F7-4668-BE54-9A1E7A4F7556}") = "OSLC4Net.Client.Tests", "Tests\OSLC4Net.Client.Tests\OSLC4Net.Client.Tests.csproj", "{0081D7DE-F525-4AF0-8F6B-8E4D4BD7F2B9}"
EndProject
Project("{9A19103F-16F7-4668-BE54-9A1E7A4F7556}") = "OSLC4Net.Core.QueryTests", "Tests\OSLC4Net.Core.QueryTests\OSLC4Net.Core.QueryTests.csproj", "{4DFFC5EA-7D53-4AB7-804A-B8393CC85576}"
EndProject
Project("{9A19103F-16F7-4668-BE54-9A1E7A4F7556}") = "OSLC4Net.Core.JsonProviderTests", "Tests\OSLC4Net.Core.JsonProviderTests\OSLC4Net.Core.JsonProviderTests.csproj", "{76B1D73F-6AAB-430A-BBAE-63B5DD8B3973}"
EndProject
Project("{9A19103F-16F7-4668-BE54-9A1E7A4F7556}") = "OSLC4Net.Core.DotNetRdfProviderTests", "Tests\OSLC4Net.Core.DotNetRdfProviderTests\OSLC4Net.Core.DotNetRdfProviderTests.csproj", "{7EF256A2-DC83-4AF0-A608-C3CDC783D063}"
EndProject
Global
	GlobalSection(SolutionConfigurationPlatforms) = preSolution
		Debug|Any CPU = Debug|Any CPU
		Debug|Mixed Platforms = Debug|Mixed Platforms
		Debug|x86 = Debug|x86
		Release|Any CPU = Release|Any CPU
		Release|Mixed Platforms = Release|Mixed Platforms
		Release|x86 = Release|x86
	EndGlobalSection
	GlobalSection(ProjectConfigurationPlatforms) = postSolution
		{0081D7DE-F525-4AF0-8F6B-8E4D4BD7F2B9}.Debug|Any CPU.ActiveCfg = Debug|Any CPU
		{0081D7DE-F525-4AF0-8F6B-8E4D4BD7F2B9}.Debug|Any CPU.Build.0 = Debug|Any CPU
		{0081D7DE-F525-4AF0-8F6B-8E4D4BD7F2B9}.Debug|Mixed Platforms.ActiveCfg = Debug|Any CPU
		{0081D7DE-F525-4AF0-8F6B-8E4D4BD7F2B9}.Debug|Mixed Platforms.Build.0 = Debug|Any CPU
		{0081D7DE-F525-4AF0-8F6B-8E4D4BD7F2B9}.Debug|x86.ActiveCfg = Debug|Any CPU
		{0081D7DE-F525-4AF0-8F6B-8E4D4BD7F2B9}.Debug|x86.Build.0 = Debug|Any CPU
		{0081D7DE-F525-4AF0-8F6B-8E4D4BD7F2B9}.Release|Any CPU.ActiveCfg = Release|Any CPU
		{0081D7DE-F525-4AF0-8F6B-8E4D4BD7F2B9}.Release|Any CPU.Build.0 = Release|Any CPU
		{0081D7DE-F525-4AF0-8F6B-8E4D4BD7F2B9}.Release|Mixed Platforms.ActiveCfg = Release|Any CPU
		{0081D7DE-F525-4AF0-8F6B-8E4D4BD7F2B9}.Release|Mixed Platforms.Build.0 = Release|Any CPU
		{0081D7DE-F525-4AF0-8F6B-8E4D4BD7F2B9}.Release|x86.ActiveCfg = Release|Any CPU
		{0081D7DE-F525-4AF0-8F6B-8E4D4BD7F2B9}.Release|x86.Build.0 = Release|Any CPU
		{0A5E0BBE-9591-4FCD-A91E-18F180434B49}.Debug|Any CPU.ActiveCfg = Debug|Any CPU
		{0A5E0BBE-9591-4FCD-A91E-18F180434B49}.Debug|Any CPU.Build.0 = Debug|Any CPU
		{0A5E0BBE-9591-4FCD-A91E-18F180434B49}.Debug|Mixed Platforms.ActiveCfg = Debug|Any CPU
		{0A5E0BBE-9591-4FCD-A91E-18F180434B49}.Debug|Mixed Platforms.Build.0 = Debug|Any CPU
		{0A5E0BBE-9591-4FCD-A91E-18F180434B49}.Debug|x86.ActiveCfg = Debug|Any CPU
		{0A5E0BBE-9591-4FCD-A91E-18F180434B49}.Debug|x86.Build.0 = Debug|Any CPU
		{0A5E0BBE-9591-4FCD-A91E-18F180434B49}.Release|Any CPU.ActiveCfg = Release|Any CPU
		{0A5E0BBE-9591-4FCD-A91E-18F180434B49}.Release|Any CPU.Build.0 = Release|Any CPU
		{0A5E0BBE-9591-4FCD-A91E-18F180434B49}.Release|Mixed Platforms.ActiveCfg = Release|Any CPU
		{0A5E0BBE-9591-4FCD-A91E-18F180434B49}.Release|Mixed Platforms.Build.0 = Release|Any CPU
		{0A5E0BBE-9591-4FCD-A91E-18F180434B49}.Release|x86.ActiveCfg = Release|Any CPU
		{0A5E0BBE-9591-4FCD-A91E-18F180434B49}.Release|x86.Build.0 = Release|Any CPU
		{15D4CC4A-5B79-4997-8D97-0B5C190C7682}.Debug|Any CPU.ActiveCfg = Debug|Any CPU
		{15D4CC4A-5B79-4997-8D97-0B5C190C7682}.Debug|Any CPU.Build.0 = Debug|Any CPU
		{15D4CC4A-5B79-4997-8D97-0B5C190C7682}.Debug|Mixed Platforms.ActiveCfg = Debug|Any CPU
		{15D4CC4A-5B79-4997-8D97-0B5C190C7682}.Debug|Mixed Platforms.Build.0 = Debug|Any CPU
		{15D4CC4A-5B79-4997-8D97-0B5C190C7682}.Debug|x86.ActiveCfg = Debug|Any CPU
		{15D4CC4A-5B79-4997-8D97-0B5C190C7682}.Debug|x86.Build.0 = Debug|Any CPU
		{15D4CC4A-5B79-4997-8D97-0B5C190C7682}.Release|Any CPU.ActiveCfg = Release|Any CPU
		{15D4CC4A-5B79-4997-8D97-0B5C190C7682}.Release|Any CPU.Build.0 = Release|Any CPU
		{15D4CC4A-5B79-4997-8D97-0B5C190C7682}.Release|Mixed Platforms.ActiveCfg = Release|Any CPU
		{15D4CC4A-5B79-4997-8D97-0B5C190C7682}.Release|Mixed Platforms.Build.0 = Release|Any CPU
		{15D4CC4A-5B79-4997-8D97-0B5C190C7682}.Release|x86.ActiveCfg = Release|Any CPU
		{15D4CC4A-5B79-4997-8D97-0B5C190C7682}.Release|x86.Build.0 = Release|Any CPU
		{469BA948-728B-4B8C-80E9-7EC06CED8196}.Debug|Any CPU.ActiveCfg = Debug|Any CPU
		{469BA948-728B-4B8C-80E9-7EC06CED8196}.Debug|Any CPU.Build.0 = Debug|Any CPU
		{469BA948-728B-4B8C-80E9-7EC06CED8196}.Debug|Mixed Platforms.ActiveCfg = Debug|Any CPU
		{469BA948-728B-4B8C-80E9-7EC06CED8196}.Debug|Mixed Platforms.Build.0 = Debug|Any CPU
		{469BA948-728B-4B8C-80E9-7EC06CED8196}.Debug|x86.ActiveCfg = Debug|Any CPU
		{469BA948-728B-4B8C-80E9-7EC06CED8196}.Debug|x86.Build.0 = Debug|Any CPU
		{469BA948-728B-4B8C-80E9-7EC06CED8196}.Release|Any CPU.ActiveCfg = Release|Any CPU
		{469BA948-728B-4B8C-80E9-7EC06CED8196}.Release|Any CPU.Build.0 = Release|Any CPU
		{469BA948-728B-4B8C-80E9-7EC06CED8196}.Release|Mixed Platforms.ActiveCfg = Release|Any CPU
		{469BA948-728B-4B8C-80E9-7EC06CED8196}.Release|Mixed Platforms.Build.0 = Release|Any CPU
		{469BA948-728B-4B8C-80E9-7EC06CED8196}.Release|x86.ActiveCfg = Release|Any CPU
		{469BA948-728B-4B8C-80E9-7EC06CED8196}.Release|x86.Build.0 = Release|Any CPU
		{4DFFC5EA-7D53-4AB7-804A-B8393CC85576}.Debug|Any CPU.ActiveCfg = Debug|Any CPU
		{4DFFC5EA-7D53-4AB7-804A-B8393CC85576}.Debug|Any CPU.Build.0 = Debug|Any CPU
		{4DFFC5EA-7D53-4AB7-804A-B8393CC85576}.Debug|Mixed Platforms.ActiveCfg = Debug|Any CPU
		{4DFFC5EA-7D53-4AB7-804A-B8393CC85576}.Debug|Mixed Platforms.Build.0 = Debug|Any CPU
		{4DFFC5EA-7D53-4AB7-804A-B8393CC85576}.Debug|x86.ActiveCfg = Debug|Any CPU
		{4DFFC5EA-7D53-4AB7-804A-B8393CC85576}.Debug|x86.Build.0 = Debug|Any CPU
		{4DFFC5EA-7D53-4AB7-804A-B8393CC85576}.Release|Any CPU.ActiveCfg = Release|Any CPU
		{4DFFC5EA-7D53-4AB7-804A-B8393CC85576}.Release|Any CPU.Build.0 = Release|Any CPU
		{4DFFC5EA-7D53-4AB7-804A-B8393CC85576}.Release|Mixed Platforms.ActiveCfg = Release|Any CPU
		{4DFFC5EA-7D53-4AB7-804A-B8393CC85576}.Release|Mixed Platforms.Build.0 = Release|Any CPU
		{4DFFC5EA-7D53-4AB7-804A-B8393CC85576}.Release|x86.ActiveCfg = Release|Any CPU
		{4DFFC5EA-7D53-4AB7-804A-B8393CC85576}.Release|x86.Build.0 = Release|Any CPU
		{533433C7-2431-4937-B861-0286CAD60BCF}.Debug|Any CPU.ActiveCfg = Debug|Any CPU
		{533433C7-2431-4937-B861-0286CAD60BCF}.Debug|Any CPU.Build.0 = Debug|Any CPU
		{533433C7-2431-4937-B861-0286CAD60BCF}.Debug|Mixed Platforms.ActiveCfg = Debug|Any CPU
		{533433C7-2431-4937-B861-0286CAD60BCF}.Debug|Mixed Platforms.Build.0 = Debug|Any CPU
		{533433C7-2431-4937-B861-0286CAD60BCF}.Debug|x86.ActiveCfg = Debug|Any CPU
		{533433C7-2431-4937-B861-0286CAD60BCF}.Debug|x86.Build.0 = Debug|Any CPU
		{533433C7-2431-4937-B861-0286CAD60BCF}.Release|Any CPU.ActiveCfg = Release|Any CPU
		{533433C7-2431-4937-B861-0286CAD60BCF}.Release|Any CPU.Build.0 = Release|Any CPU
		{533433C7-2431-4937-B861-0286CAD60BCF}.Release|Mixed Platforms.ActiveCfg = Release|Any CPU
		{533433C7-2431-4937-B861-0286CAD60BCF}.Release|Mixed Platforms.Build.0 = Release|Any CPU
		{533433C7-2431-4937-B861-0286CAD60BCF}.Release|x86.ActiveCfg = Release|Any CPU
		{533433C7-2431-4937-B861-0286CAD60BCF}.Release|x86.Build.0 = Release|Any CPU
		{76B1D73F-6AAB-430A-BBAE-63B5DD8B3973}.Debug|Any CPU.ActiveCfg = Debug|Any CPU
		{76B1D73F-6AAB-430A-BBAE-63B5DD8B3973}.Debug|Any CPU.Build.0 = Debug|Any CPU
		{76B1D73F-6AAB-430A-BBAE-63B5DD8B3973}.Debug|Mixed Platforms.ActiveCfg = Debug|Any CPU
		{76B1D73F-6AAB-430A-BBAE-63B5DD8B3973}.Debug|Mixed Platforms.Build.0 = Debug|Any CPU
		{76B1D73F-6AAB-430A-BBAE-63B5DD8B3973}.Debug|x86.ActiveCfg = Debug|Any CPU
		{76B1D73F-6AAB-430A-BBAE-63B5DD8B3973}.Debug|x86.Build.0 = Debug|Any CPU
		{76B1D73F-6AAB-430A-BBAE-63B5DD8B3973}.Release|Any CPU.ActiveCfg = Release|Any CPU
		{76B1D73F-6AAB-430A-BBAE-63B5DD8B3973}.Release|Any CPU.Build.0 = Release|Any CPU
		{76B1D73F-6AAB-430A-BBAE-63B5DD8B3973}.Release|Mixed Platforms.ActiveCfg = Release|Any CPU
		{76B1D73F-6AAB-430A-BBAE-63B5DD8B3973}.Release|Mixed Platforms.Build.0 = Release|Any CPU
		{76B1D73F-6AAB-430A-BBAE-63B5DD8B3973}.Release|x86.ActiveCfg = Release|Any CPU
		{76B1D73F-6AAB-430A-BBAE-63B5DD8B3973}.Release|x86.Build.0 = Release|Any CPU
		{7D5575DD-57DB-4727-906B-A5FD1149C6A4}.Debug|Any CPU.ActiveCfg = Debug|Any CPU
		{7D5575DD-57DB-4727-906B-A5FD1149C6A4}.Debug|Any CPU.Build.0 = Debug|Any CPU
		{7D5575DD-57DB-4727-906B-A5FD1149C6A4}.Debug|Mixed Platforms.ActiveCfg = Debug|Any CPU
		{7D5575DD-57DB-4727-906B-A5FD1149C6A4}.Debug|Mixed Platforms.Build.0 = Debug|Any CPU
		{7D5575DD-57DB-4727-906B-A5FD1149C6A4}.Debug|x86.ActiveCfg = Debug|Any CPU
		{7D5575DD-57DB-4727-906B-A5FD1149C6A4}.Release|Any CPU.ActiveCfg = Release|Any CPU
		{7D5575DD-57DB-4727-906B-A5FD1149C6A4}.Release|Any CPU.Build.0 = Release|Any CPU
		{7D5575DD-57DB-4727-906B-A5FD1149C6A4}.Release|Mixed Platforms.ActiveCfg = Release|Any CPU
		{7D5575DD-57DB-4727-906B-A5FD1149C6A4}.Release|Mixed Platforms.Build.0 = Release|Any CPU
		{7D5575DD-57DB-4727-906B-A5FD1149C6A4}.Release|x86.ActiveCfg = Release|Any CPU
		{7EF256A2-DC83-4AF0-A608-C3CDC783D063}.Debug|Any CPU.ActiveCfg = Debug|Any CPU
		{7EF256A2-DC83-4AF0-A608-C3CDC783D063}.Debug|Any CPU.Build.0 = Debug|Any CPU
		{7EF256A2-DC83-4AF0-A608-C3CDC783D063}.Debug|Mixed Platforms.ActiveCfg = Debug|Any CPU
		{7EF256A2-DC83-4AF0-A608-C3CDC783D063}.Debug|Mixed Platforms.Build.0 = Debug|Any CPU
		{7EF256A2-DC83-4AF0-A608-C3CDC783D063}.Debug|x86.ActiveCfg = Debug|Any CPU
		{7EF256A2-DC83-4AF0-A608-C3CDC783D063}.Debug|x86.Build.0 = Debug|Any CPU
		{7EF256A2-DC83-4AF0-A608-C3CDC783D063}.Release|Any CPU.ActiveCfg = Release|Any CPU
		{7EF256A2-DC83-4AF0-A608-C3CDC783D063}.Release|Any CPU.Build.0 = Release|Any CPU
		{7EF256A2-DC83-4AF0-A608-C3CDC783D063}.Release|Mixed Platforms.ActiveCfg = Release|Any CPU
		{7EF256A2-DC83-4AF0-A608-C3CDC783D063}.Release|Mixed Platforms.Build.0 = Release|Any CPU
		{7EF256A2-DC83-4AF0-A608-C3CDC783D063}.Release|x86.ActiveCfg = Release|Any CPU
		{7EF256A2-DC83-4AF0-A608-C3CDC783D063}.Release|x86.Build.0 = Release|Any CPU
		{96071622-1783-4274-80D0-C1A3E80FEEC8}.Debug|Any CPU.ActiveCfg = Debug|Any CPU
		{96071622-1783-4274-80D0-C1A3E80FEEC8}.Debug|Any CPU.Build.0 = Debug|Any CPU
		{96071622-1783-4274-80D0-C1A3E80FEEC8}.Debug|Mixed Platforms.ActiveCfg = Debug|Any CPU
		{96071622-1783-4274-80D0-C1A3E80FEEC8}.Debug|Mixed Platforms.Build.0 = Debug|Any CPU
		{96071622-1783-4274-80D0-C1A3E80FEEC8}.Debug|x86.ActiveCfg = Debug|Any CPU
		{96071622-1783-4274-80D0-C1A3E80FEEC8}.Debug|x86.Build.0 = Debug|Any CPU
		{96071622-1783-4274-80D0-C1A3E80FEEC8}.Release|Any CPU.ActiveCfg = Release|Any CPU
		{96071622-1783-4274-80D0-C1A3E80FEEC8}.Release|Any CPU.Build.0 = Release|Any CPU
		{96071622-1783-4274-80D0-C1A3E80FEEC8}.Release|Mixed Platforms.ActiveCfg = Release|Any CPU
		{96071622-1783-4274-80D0-C1A3E80FEEC8}.Release|Mixed Platforms.Build.0 = Release|Any CPU
		{96071622-1783-4274-80D0-C1A3E80FEEC8}.Release|x86.ActiveCfg = Release|Any CPU
		{96071622-1783-4274-80D0-C1A3E80FEEC8}.Release|x86.Build.0 = Release|Any CPU
		{B7EC82FE-64D2-4271-8D04-3044046360FA}.Debug|Any CPU.ActiveCfg = Debug|Any CPU
		{B7EC82FE-64D2-4271-8D04-3044046360FA}.Debug|Any CPU.Build.0 = Debug|Any CPU
		{B7EC82FE-64D2-4271-8D04-3044046360FA}.Debug|Mixed Platforms.ActiveCfg = Debug|Any CPU
		{B7EC82FE-64D2-4271-8D04-3044046360FA}.Debug|Mixed Platforms.Build.0 = Debug|Any CPU
		{B7EC82FE-64D2-4271-8D04-3044046360FA}.Debug|x86.ActiveCfg = Debug|Any CPU
		{B7EC82FE-64D2-4271-8D04-3044046360FA}.Release|Any CPU.ActiveCfg = Release|Any CPU
		{B7EC82FE-64D2-4271-8D04-3044046360FA}.Release|Any CPU.Build.0 = Release|Any CPU
		{B7EC82FE-64D2-4271-8D04-3044046360FA}.Release|Mixed Platforms.ActiveCfg = Release|Any CPU
		{B7EC82FE-64D2-4271-8D04-3044046360FA}.Release|Mixed Platforms.Build.0 = Release|Any CPU
		{B7EC82FE-64D2-4271-8D04-3044046360FA}.Release|x86.ActiveCfg = Release|Any CPU
		{C07B57BD-3356-4AD8-8050-D708B023A8EC}.Debug|Any CPU.ActiveCfg = Debug|Any CPU
		{C07B57BD-3356-4AD8-8050-D708B023A8EC}.Debug|Any CPU.Build.0 = Debug|Any CPU
		{C07B57BD-3356-4AD8-8050-D708B023A8EC}.Debug|Mixed Platforms.ActiveCfg = Debug|Any CPU
		{C07B57BD-3356-4AD8-8050-D708B023A8EC}.Debug|Mixed Platforms.Build.0 = Debug|Any CPU
		{C07B57BD-3356-4AD8-8050-D708B023A8EC}.Debug|x86.ActiveCfg = Debug|Any CPU
		{C07B57BD-3356-4AD8-8050-D708B023A8EC}.Release|Any CPU.ActiveCfg = Release|Any CPU
		{C07B57BD-3356-4AD8-8050-D708B023A8EC}.Release|Any CPU.Build.0 = Release|Any CPU
		{C07B57BD-3356-4AD8-8050-D708B023A8EC}.Release|Mixed Platforms.ActiveCfg = Release|Any CPU
		{C07B57BD-3356-4AD8-8050-D708B023A8EC}.Release|Mixed Platforms.Build.0 = Release|Any CPU
		{C07B57BD-3356-4AD8-8050-D708B023A8EC}.Release|x86.ActiveCfg = Release|Any CPU
		{DE666628-9716-42D1-A7D7-E584625A6E3B}.Debug|Any CPU.ActiveCfg = Debug|Any CPU
		{DE666628-9716-42D1-A7D7-E584625A6E3B}.Debug|Any CPU.Build.0 = Debug|Any CPU
		{DE666628-9716-42D1-A7D7-E584625A6E3B}.Debug|Mixed Platforms.ActiveCfg = Debug|Any CPU
		{DE666628-9716-42D1-A7D7-E584625A6E3B}.Debug|Mixed Platforms.Build.0 = Debug|Any CPU
		{DE666628-9716-42D1-A7D7-E584625A6E3B}.Debug|x86.ActiveCfg = Debug|Any CPU
		{DE666628-9716-42D1-A7D7-E584625A6E3B}.Debug|x86.Build.0 = Debug|Any CPU
		{DE666628-9716-42D1-A7D7-E584625A6E3B}.Release|Any CPU.ActiveCfg = Release|Any CPU
		{DE666628-9716-42D1-A7D7-E584625A6E3B}.Release|Any CPU.Build.0 = Release|Any CPU
		{DE666628-9716-42D1-A7D7-E584625A6E3B}.Release|Mixed Platforms.ActiveCfg = Release|Any CPU
		{DE666628-9716-42D1-A7D7-E584625A6E3B}.Release|Mixed Platforms.Build.0 = Release|Any CPU
		{DE666628-9716-42D1-A7D7-E584625A6E3B}.Release|x86.ActiveCfg = Release|Any CPU
		{DE666628-9716-42D1-A7D7-E584625A6E3B}.Release|x86.Build.0 = Release|Any CPU
		{EED02B8F-2C90-4484-B4B6-BB510750B84C}.Debug|Any CPU.ActiveCfg = Debug|Any CPU
		{EED02B8F-2C90-4484-B4B6-BB510750B84C}.Debug|Any CPU.Build.0 = Debug|Any CPU
		{EED02B8F-2C90-4484-B4B6-BB510750B84C}.Debug|Mixed Platforms.ActiveCfg = Debug|Any CPU
		{EED02B8F-2C90-4484-B4B6-BB510750B84C}.Debug|Mixed Platforms.Build.0 = Debug|Any CPU
		{EED02B8F-2C90-4484-B4B6-BB510750B84C}.Debug|x86.ActiveCfg = Debug|Any CPU
		{EED02B8F-2C90-4484-B4B6-BB510750B84C}.Release|Any CPU.ActiveCfg = Release|Any CPU
		{EED02B8F-2C90-4484-B4B6-BB510750B84C}.Release|Any CPU.Build.0 = Release|Any CPU
		{EED02B8F-2C90-4484-B4B6-BB510750B84C}.Release|Mixed Platforms.ActiveCfg = Release|Any CPU
		{EED02B8F-2C90-4484-B4B6-BB510750B84C}.Release|Mixed Platforms.Build.0 = Release|Any CPU
		{EED02B8F-2C90-4484-B4B6-BB510750B84C}.Release|x86.ActiveCfg = Release|Any CPU
		{F2C07626-1C0B-4650-9C1A-37984876A720}.Debug|Any CPU.ActiveCfg = Debug|Any CPU
		{F2C07626-1C0B-4650-9C1A-37984876A720}.Debug|Any CPU.Build.0 = Debug|Any CPU
		{F2C07626-1C0B-4650-9C1A-37984876A720}.Debug|Mixed Platforms.ActiveCfg = Debug|Any CPU
		{F2C07626-1C0B-4650-9C1A-37984876A720}.Debug|Mixed Platforms.Build.0 = Debug|Any CPU
		{F2C07626-1C0B-4650-9C1A-37984876A720}.Debug|x86.ActiveCfg = Debug|Any CPU
		{F2C07626-1C0B-4650-9C1A-37984876A720}.Debug|x86.Build.0 = Debug|Any CPU
		{F2C07626-1C0B-4650-9C1A-37984876A720}.Release|Any CPU.ActiveCfg = Release|Any CPU
		{F2C07626-1C0B-4650-9C1A-37984876A720}.Release|Any CPU.Build.0 = Release|Any CPU
		{F2C07626-1C0B-4650-9C1A-37984876A720}.Release|Mixed Platforms.ActiveCfg = Release|Any CPU
		{F2C07626-1C0B-4650-9C1A-37984876A720}.Release|Mixed Platforms.Build.0 = Release|Any CPU
		{F2C07626-1C0B-4650-9C1A-37984876A720}.Release|x86.ActiveCfg = Release|Any CPU
		{F2C07626-1C0B-4650-9C1A-37984876A720}.Release|x86.Build.0 = Release|Any CPU
	EndGlobalSection
	GlobalSection(SolutionProperties) = preSolution
		HideSolutionNode = FALSE
	EndGlobalSection
	GlobalSection(ExtensibilityGlobals) = postSolution
		SolutionGuid = {B7097D9B-3362-4C14-B29F-CB2D6551677F}
	EndGlobalSection
	GlobalSection(TestCaseManagementSettings) = postSolution
		CategoryFile = OSLC4Net.Core.vsmdi
	EndGlobalSection
	GlobalSection(NestedProjects) = preSolution
		{96071622-1783-4274-80D0-C1A3E80FEEC8} = {798E9CDD-103C-4972-BC15-C5AAAF75C37D}
		{533433C7-2431-4937-B861-0286CAD60BCF} = {5BCA08EA-BC25-4F9F-A825-8054E842619A}
		{0081D7DE-F525-4AF0-8F6B-8E4D4BD7F2B9} = {5BCA08EA-BC25-4F9F-A825-8054E842619A}
		{4DFFC5EA-7D53-4AB7-804A-B8393CC85576} = {5BCA08EA-BC25-4F9F-A825-8054E842619A}
		{76B1D73F-6AAB-430A-BBAE-63B5DD8B3973} = {5BCA08EA-BC25-4F9F-A825-8054E842619A}
		{7EF256A2-DC83-4AF0-A608-C3CDC783D063} = {5BCA08EA-BC25-4F9F-A825-8054E842619A}
	EndGlobalSection
EndGlobal
