
Microsoft Visual Studio Solution File, Format Version 12.00
# Visual Studio Version 16
VisualStudioVersion = 16.0.29318.209
MinimumVisualStudioVersion = 10.0.40219.1
Project("{FAE04EC0-301F-11D3-BF4B-00C04F79EFBC}") = "OSLC4Net.Core", "OSLC4Net.Core\OSLC4Net.Core.csproj", "{C07B57BD-3356-4AD8-8050-D708B023A8EC}"
EndProject
Project("{FAE04EC0-301F-11D3-BF4B-00C04F79EFBC}") = "OSLC4Net.Core.DotNetRdfProvider", "OSLC4Net.DotNetRdfProvider\OSLC4Net.Core.DotNetRdfProvider.csproj", "{DFE6E48C-D5B1-4FC6-8D94-C72286080F78}"
EndProject
Project("{2150E333-8FDC-42A3-9474-1A3956D46DE8}") = "Solution Items", "Solution Items", "{1B650CF7-24E5-444B-9C9E-91EFAEBAEA29}"
	ProjectSection(SolutionItems) = preProject
		Local.testsettings = Local.testsettings
		OSLC4Net.Core.vsmdi = OSLC4Net.Core.vsmdi
		TraceAndTestImpact.testsettings = TraceAndTestImpact.testsettings
	EndProjectSection
EndProject
Project("{FAE04EC0-301F-11D3-BF4B-00C04F79EFBC}") = "OSLC4Net.ChangeManagementCommon", "OSLC4Net.ChangeManagement\OSLC4Net.ChangeManagementCommon.csproj", "{7D5575DD-57DB-4727-906B-A5FD1149C6A4}"
EndProject
Project("{FAE04EC0-301F-11D3-BF4B-00C04F79EFBC}") = "OSLC4Net.Core.DotNetRdfProviderTests", "OSLC4Net.DotNetRdfProviderTests\OSLC4Net.Core.DotNetRdfProviderTests.csproj", "{382EB8FE-ED61-4C3F-92CA-A8214B0D3178}"
EndProject
Project("{FAE04EC0-301F-11D3-BF4B-00C04F79EFBC}") = "OSLC4Net.Client", "OSLC4Net.Client\OSLC4Net.Client.csproj", "{EED02B8F-2C90-4484-B4B6-BB510750B84C}"
EndProject
Project("{FAE04EC0-301F-11D3-BF4B-00C04F79EFBC}") = "OSLC4Net.ChangeManagementTest", "OSLC4Net.ChangeManagementTest\OSLC4Net.ChangeManagementTest.csproj", "{A64566A0-5EDB-48A1-B3E5-7F873169D402}"
EndProject
Project("{FAE04EC0-301F-11D3-BF4B-00C04F79EFBC}") = "OSLC4Net.StockQuoteSample", "OSLC4Net.StockQuoteSample\OSLC4Net.StockQuoteSample.csproj", "{43F10792-1747-45DB-90A8-4908C353BDE0}"
EndProject
Project("{FAE04EC0-301F-11D3-BF4B-00C04F79EFBC}") = "OSLC4Net.Core.JsonProvider", "JsonProvider\OSLC4Net.Core.JsonProvider.csproj", "{469BA948-728B-4B8C-80E9-7EC06CED8196}"
EndProject
Project("{FAE04EC0-301F-11D3-BF4B-00C04F79EFBC}") = "OSLC4Net.Core.JsonProviderTests", "JsonProviderTests\OSLC4Net.Core.JsonProviderTests.csproj", "{1D393679-17ED-4D61-9121-99D942605466}"
EndProject
Project("{FAE04EC0-301F-11D3-BF4B-00C04F79EFBC}") = "OSLC4Net.Core.QueryTests", "OSLC4Net.Core.QueryTests\OSLC4Net.Core.QueryTests.csproj", "{3A431EAB-9E35-480B-B6ED-E2EA83DF58D0}"
EndProject
Project("{FAE04EC0-301F-11D3-BF4B-00C04F79EFBC}") = "OSLC4Net.Core.Query", "OSLC4Net.Core.Query\OSLC4Net.Core.Query.csproj", "{B7EC82FE-64D2-4271-8D04-3044046360FA}"
EndProject
Project("{FAE04EC0-301F-11D3-BF4B-00C04F79EFBC}") = "OSLC4Net.Client.Samples", "OSLC4Net.Client.Samples\OSLC4Net.Client.Samples.csproj", "{CBF6BE99-FBE9-45E2-8962-B1AFA474AD06}"
EndProject
Project("{2150E333-8FDC-42A3-9474-1A3956D46DE8}") = "NuGet", "NuGet", "{9EC2B47B-C7B9-4D5E-9A84-D41515416FDF}"
	ProjectSection(SolutionItems) = preProject
		NuGet\Package.nuspec = NuGet\Package.nuspec
	EndProjectSection
EndProject
Global
	GlobalSection(SolutionConfigurationPlatforms) = preSolution
		Debug|Any CPU = Debug|Any CPU
		Debug|Mixed Platforms = Debug|Mixed Platforms
		Debug|x86 = Debug|x86
		Release|Any CPU = Release|Any CPU
		Release|Mixed Platforms = Release|Mixed Platforms
		Release|x86 = Release|x86
	EndGlobalSection
	GlobalSection(ProjectConfigurationPlatforms) = postSolution
		{C07B57BD-3356-4AD8-8050-D708B023A8EC}.Debug|Any CPU.ActiveCfg = Debug|Any CPU
		{C07B57BD-3356-4AD8-8050-D708B023A8EC}.Debug|Any CPU.Build.0 = Debug|Any CPU
		{C07B57BD-3356-4AD8-8050-D708B023A8EC}.Debug|Mixed Platforms.ActiveCfg = Debug|Any CPU
		{C07B57BD-3356-4AD8-8050-D708B023A8EC}.Debug|Mixed Platforms.Build.0 = Debug|Any CPU
		{C07B57BD-3356-4AD8-8050-D708B023A8EC}.Debug|x86.ActiveCfg = Debug|Any CPU
		{C07B57BD-3356-4AD8-8050-D708B023A8EC}.Release|Any CPU.ActiveCfg = Release|Any CPU
		{C07B57BD-3356-4AD8-8050-D708B023A8EC}.Release|Any CPU.Build.0 = Release|Any CPU
		{C07B57BD-3356-4AD8-8050-D708B023A8EC}.Release|Mixed Platforms.ActiveCfg = Release|Any CPU
		{C07B57BD-3356-4AD8-8050-D708B023A8EC}.Release|Mixed Platforms.Build.0 = Release|Any CPU
		{C07B57BD-3356-4AD8-8050-D708B023A8EC}.Release|x86.ActiveCfg = Release|Any CPU
		{DFE6E48C-D5B1-4FC6-8D94-C72286080F78}.Debug|Any CPU.ActiveCfg = Debug|Any CPU
		{DFE6E48C-D5B1-4FC6-8D94-C72286080F78}.Debug|Any CPU.Build.0 = Debug|Any CPU
		{DFE6E48C-D5B1-4FC6-8D94-C72286080F78}.Debug|Mixed Platforms.ActiveCfg = Debug|Any CPU
		{DFE6E48C-D5B1-4FC6-8D94-C72286080F78}.Debug|Mixed Platforms.Build.0 = Debug|Any CPU
		{DFE6E48C-D5B1-4FC6-8D94-C72286080F78}.Debug|x86.ActiveCfg = Debug|Any CPU
		{DFE6E48C-D5B1-4FC6-8D94-C72286080F78}.Release|Any CPU.ActiveCfg = Release|Any CPU
		{DFE6E48C-D5B1-4FC6-8D94-C72286080F78}.Release|Any CPU.Build.0 = Release|Any CPU
		{DFE6E48C-D5B1-4FC6-8D94-C72286080F78}.Release|Mixed Platforms.ActiveCfg = Release|Any CPU
		{DFE6E48C-D5B1-4FC6-8D94-C72286080F78}.Release|Mixed Platforms.Build.0 = Release|Any CPU
		{DFE6E48C-D5B1-4FC6-8D94-C72286080F78}.Release|x86.ActiveCfg = Release|Any CPU
		{7D5575DD-57DB-4727-906B-A5FD1149C6A4}.Debug|Any CPU.ActiveCfg = Debug|Any CPU
		{7D5575DD-57DB-4727-906B-A5FD1149C6A4}.Debug|Any CPU.Build.0 = Debug|Any CPU
		{7D5575DD-57DB-4727-906B-A5FD1149C6A4}.Debug|Mixed Platforms.ActiveCfg = Debug|Any CPU
		{7D5575DD-57DB-4727-906B-A5FD1149C6A4}.Debug|Mixed Platforms.Build.0 = Debug|Any CPU
		{7D5575DD-57DB-4727-906B-A5FD1149C6A4}.Debug|x86.ActiveCfg = Debug|Any CPU
		{7D5575DD-57DB-4727-906B-A5FD1149C6A4}.Release|Any CPU.ActiveCfg = Release|Any CPU
		{7D5575DD-57DB-4727-906B-A5FD1149C6A4}.Release|Any CPU.Build.0 = Release|Any CPU
		{7D5575DD-57DB-4727-906B-A5FD1149C6A4}.Release|Mixed Platforms.ActiveCfg = Release|Any CPU
		{7D5575DD-57DB-4727-906B-A5FD1149C6A4}.Release|Mixed Platforms.Build.0 = Release|Any CPU
		{7D5575DD-57DB-4727-906B-A5FD1149C6A4}.Release|x86.ActiveCfg = Release|Any CPU
		{382EB8FE-ED61-4C3F-92CA-A8214B0D3178}.Debug|Any CPU.ActiveCfg = Debug|Any CPU
		{382EB8FE-ED61-4C3F-92CA-A8214B0D3178}.Debug|Any CPU.Build.0 = Debug|Any CPU
		{382EB8FE-ED61-4C3F-92CA-A8214B0D3178}.Debug|Mixed Platforms.ActiveCfg = Debug|Any CPU
		{382EB8FE-ED61-4C3F-92CA-A8214B0D3178}.Debug|Mixed Platforms.Build.0 = Debug|Any CPU
		{382EB8FE-ED61-4C3F-92CA-A8214B0D3178}.Debug|x86.ActiveCfg = Debug|Any CPU
		{382EB8FE-ED61-4C3F-92CA-A8214B0D3178}.Release|Any CPU.ActiveCfg = Release|Any CPU
		{382EB8FE-ED61-4C3F-92CA-A8214B0D3178}.Release|Any CPU.Build.0 = Release|Any CPU
		{382EB8FE-ED61-4C3F-92CA-A8214B0D3178}.Release|Mixed Platforms.ActiveCfg = Release|Any CPU
		{382EB8FE-ED61-4C3F-92CA-A8214B0D3178}.Release|Mixed Platforms.Build.0 = Release|Any CPU
		{382EB8FE-ED61-4C3F-92CA-A8214B0D3178}.Release|x86.ActiveCfg = Release|Any CPU
		{EED02B8F-2C90-4484-B4B6-BB510750B84C}.Debug|Any CPU.ActiveCfg = Debug|Any CPU
		{EED02B8F-2C90-4484-B4B6-BB510750B84C}.Debug|Any CPU.Build.0 = Debug|Any CPU
		{EED02B8F-2C90-4484-B4B6-BB510750B84C}.Debug|Mixed Platforms.ActiveCfg = Debug|Any CPU
		{EED02B8F-2C90-4484-B4B6-BB510750B84C}.Debug|Mixed Platforms.Build.0 = Debug|Any CPU
		{EED02B8F-2C90-4484-B4B6-BB510750B84C}.Debug|x86.ActiveCfg = Debug|Any CPU
		{EED02B8F-2C90-4484-B4B6-BB510750B84C}.Release|Any CPU.ActiveCfg = Release|Any CPU
		{EED02B8F-2C90-4484-B4B6-BB510750B84C}.Release|Any CPU.Build.0 = Release|Any CPU
		{EED02B8F-2C90-4484-B4B6-BB510750B84C}.Release|Mixed Platforms.ActiveCfg = Release|Any CPU
		{EED02B8F-2C90-4484-B4B6-BB510750B84C}.Release|Mixed Platforms.Build.0 = Release|Any CPU
		{EED02B8F-2C90-4484-B4B6-BB510750B84C}.Release|x86.ActiveCfg = Release|Any CPU
		{A64566A0-5EDB-48A1-B3E5-7F873169D402}.Debug|Any CPU.ActiveCfg = Debug|Any CPU
		{A64566A0-5EDB-48A1-B3E5-7F873169D402}.Debug|Any CPU.Build.0 = Debug|Any CPU
		{A64566A0-5EDB-48A1-B3E5-7F873169D402}.Debug|Mixed Platforms.ActiveCfg = Debug|Any CPU
		{A64566A0-5EDB-48A1-B3E5-7F873169D402}.Debug|Mixed Platforms.Build.0 = Debug|Any CPU
		{A64566A0-5EDB-48A1-B3E5-7F873169D402}.Debug|x86.ActiveCfg = Debug|Any CPU
		{A64566A0-5EDB-48A1-B3E5-7F873169D402}.Release|Any CPU.ActiveCfg = Release|Any CPU
		{A64566A0-5EDB-48A1-B3E5-7F873169D402}.Release|Any CPU.Build.0 = Release|Any CPU
		{A64566A0-5EDB-48A1-B3E5-7F873169D402}.Release|Mixed Platforms.ActiveCfg = Release|Any CPU
		{A64566A0-5EDB-48A1-B3E5-7F873169D402}.Release|Mixed Platforms.Build.0 = Release|Any CPU
		{A64566A0-5EDB-48A1-B3E5-7F873169D402}.Release|x86.ActiveCfg = Release|Any CPU
		{43F10792-1747-45DB-90A8-4908C353BDE0}.Debug|Any CPU.ActiveCfg = Debug|Any CPU
		{43F10792-1747-45DB-90A8-4908C353BDE0}.Debug|Any CPU.Build.0 = Debug|Any CPU
		{43F10792-1747-45DB-90A8-4908C353BDE0}.Debug|Mixed Platforms.ActiveCfg = Debug|Any CPU
		{43F10792-1747-45DB-90A8-4908C353BDE0}.Debug|Mixed Platforms.Build.0 = Debug|Any CPU
		{43F10792-1747-45DB-90A8-4908C353BDE0}.Debug|x86.ActiveCfg = Debug|Any CPU
		{43F10792-1747-45DB-90A8-4908C353BDE0}.Release|Any CPU.ActiveCfg = Release|Any CPU
		{43F10792-1747-45DB-90A8-4908C353BDE0}.Release|Any CPU.Build.0 = Release|Any CPU
		{43F10792-1747-45DB-90A8-4908C353BDE0}.Release|Mixed Platforms.ActiveCfg = Release|Any CPU
		{43F10792-1747-45DB-90A8-4908C353BDE0}.Release|Mixed Platforms.Build.0 = Release|Any CPU
		{43F10792-1747-45DB-90A8-4908C353BDE0}.Release|x86.ActiveCfg = Release|Any CPU
		{469BA948-728B-4B8C-80E9-7EC06CED8196}.Debug|Any CPU.ActiveCfg = Debug|Any CPU
		{469BA948-728B-4B8C-80E9-7EC06CED8196}.Debug|Any CPU.Build.0 = Debug|Any CPU
		{469BA948-728B-4B8C-80E9-7EC06CED8196}.Debug|Mixed Platforms.ActiveCfg = Debug|Any CPU
		{469BA948-728B-4B8C-80E9-7EC06CED8196}.Debug|Mixed Platforms.Build.0 = Debug|Any CPU
		{469BA948-728B-4B8C-80E9-7EC06CED8196}.Debug|x86.ActiveCfg = Debug|Any CPU
		{469BA948-728B-4B8C-80E9-7EC06CED8196}.Release|Any CPU.ActiveCfg = Release|Any CPU
		{469BA948-728B-4B8C-80E9-7EC06CED8196}.Release|Any CPU.Build.0 = Release|Any CPU
		{469BA948-728B-4B8C-80E9-7EC06CED8196}.Release|Mixed Platforms.ActiveCfg = Release|Any CPU
		{469BA948-728B-4B8C-80E9-7EC06CED8196}.Release|Mixed Platforms.Build.0 = Release|Any CPU
		{469BA948-728B-4B8C-80E9-7EC06CED8196}.Release|x86.ActiveCfg = Release|Any CPU
		{1D393679-17ED-4D61-9121-99D942605466}.Debug|Any CPU.ActiveCfg = Debug|Any CPU
		{1D393679-17ED-4D61-9121-99D942605466}.Debug|Any CPU.Build.0 = Debug|Any CPU
		{1D393679-17ED-4D61-9121-99D942605466}.Debug|Mixed Platforms.ActiveCfg = Debug|Any CPU
		{1D393679-17ED-4D61-9121-99D942605466}.Debug|Mixed Platforms.Build.0 = Debug|Any CPU
		{1D393679-17ED-4D61-9121-99D942605466}.Debug|x86.ActiveCfg = Debug|Any CPU
		{1D393679-17ED-4D61-9121-99D942605466}.Release|Any CPU.ActiveCfg = Release|Any CPU
		{1D393679-17ED-4D61-9121-99D942605466}.Release|Any CPU.Build.0 = Release|Any CPU
		{1D393679-17ED-4D61-9121-99D942605466}.Release|Mixed Platforms.ActiveCfg = Release|Any CPU
		{1D393679-17ED-4D61-9121-99D942605466}.Release|Mixed Platforms.Build.0 = Release|Any CPU
		{1D393679-17ED-4D61-9121-99D942605466}.Release|x86.ActiveCfg = Release|Any CPU
		{3A431EAB-9E35-480B-B6ED-E2EA83DF58D0}.Debug|Any CPU.ActiveCfg = Debug|Any CPU
		{3A431EAB-9E35-480B-B6ED-E2EA83DF58D0}.Debug|Any CPU.Build.0 = Debug|Any CPU
		{3A431EAB-9E35-480B-B6ED-E2EA83DF58D0}.Debug|Mixed Platforms.ActiveCfg = Debug|Any CPU
		{3A431EAB-9E35-480B-B6ED-E2EA83DF58D0}.Debug|Mixed Platforms.Build.0 = Debug|Any CPU
		{3A431EAB-9E35-480B-B6ED-E2EA83DF58D0}.Debug|x86.ActiveCfg = Debug|Any CPU
		{3A431EAB-9E35-480B-B6ED-E2EA83DF58D0}.Release|Any CPU.ActiveCfg = Release|Any CPU
		{3A431EAB-9E35-480B-B6ED-E2EA83DF58D0}.Release|Any CPU.Build.0 = Release|Any CPU
		{3A431EAB-9E35-480B-B6ED-E2EA83DF58D0}.Release|Mixed Platforms.ActiveCfg = Release|Any CPU
		{3A431EAB-9E35-480B-B6ED-E2EA83DF58D0}.Release|Mixed Platforms.Build.0 = Release|Any CPU
		{3A431EAB-9E35-480B-B6ED-E2EA83DF58D0}.Release|x86.ActiveCfg = Release|Any CPU
		{B7EC82FE-64D2-4271-8D04-3044046360FA}.Debug|Any CPU.ActiveCfg = Debug|Any CPU
		{B7EC82FE-64D2-4271-8D04-3044046360FA}.Debug|Any CPU.Build.0 = Debug|Any CPU
		{B7EC82FE-64D2-4271-8D04-3044046360FA}.Debug|Mixed Platforms.ActiveCfg = Debug|Any CPU
		{B7EC82FE-64D2-4271-8D04-3044046360FA}.Debug|Mixed Platforms.Build.0 = Debug|Any CPU
		{B7EC82FE-64D2-4271-8D04-3044046360FA}.Debug|x86.ActiveCfg = Debug|Any CPU
		{B7EC82FE-64D2-4271-8D04-3044046360FA}.Release|Any CPU.ActiveCfg = Release|Any CPU
		{B7EC82FE-64D2-4271-8D04-3044046360FA}.Release|Any CPU.Build.0 = Release|Any CPU
		{B7EC82FE-64D2-4271-8D04-3044046360FA}.Release|Mixed Platforms.ActiveCfg = Release|Any CPU
		{B7EC82FE-64D2-4271-8D04-3044046360FA}.Release|Mixed Platforms.Build.0 = Release|Any CPU
		{B7EC82FE-64D2-4271-8D04-3044046360FA}.Release|x86.ActiveCfg = Release|Any CPU
		{CBF6BE99-FBE9-45E2-8962-B1AFA474AD06}.Debug|Any CPU.ActiveCfg = Debug|Any CPU
		{CBF6BE99-FBE9-45E2-8962-B1AFA474AD06}.Debug|Any CPU.Build.0 = Debug|Any CPU
		{CBF6BE99-FBE9-45E2-8962-B1AFA474AD06}.Debug|Mixed Platforms.ActiveCfg = Debug|Any CPU
		{CBF6BE99-FBE9-45E2-8962-B1AFA474AD06}.Debug|Mixed Platforms.Build.0 = Debug|Any CPU
		{CBF6BE99-FBE9-45E2-8962-B1AFA474AD06}.Debug|x86.ActiveCfg = Debug|Any CPU
		{CBF6BE99-FBE9-45E2-8962-B1AFA474AD06}.Release|Any CPU.ActiveCfg = Release|Any CPU
		{CBF6BE99-FBE9-45E2-8962-B1AFA474AD06}.Release|Any CPU.Build.0 = Release|Any CPU
		{CBF6BE99-FBE9-45E2-8962-B1AFA474AD06}.Release|Mixed Platforms.ActiveCfg = Release|Any CPU
		{CBF6BE99-FBE9-45E2-8962-B1AFA474AD06}.Release|Mixed Platforms.Build.0 = Release|Any CPU
		{CBF6BE99-FBE9-45E2-8962-B1AFA474AD06}.Release|x86.ActiveCfg = Release|Any CPU
	EndGlobalSection
	GlobalSection(SolutionProperties) = preSolution
		HideSolutionNode = FALSE
	EndGlobalSection
	GlobalSection(ExtensibilityGlobals) = postSolution
		SolutionGuid = {2CA8AF19-C47D-4466-85F6-F6EC4DBC574A}
	EndGlobalSection
	GlobalSection(TestCaseManagementSettings) = postSolution
		CategoryFile = OSLC4Net.Core.vsmdi
	EndGlobalSection
EndGlobal
