{
  "version": 2,
  "dependencies": {
    "net10.0": {
      "Meziantou.Analyzer": {
        "type": "Direct",
        "requested": "[3.0.259, )",
        "resolved": "3.0.259",
        "contentHash": "WhnkpMzWWsUhdEEyPVXRVZx1maVnfymzJuzZn3bkDsgrgFd4WxKfCLzG1ZK7k0dmuJC8T9IAM72UwYaA1wmF/Q=="
      },
      "Microsoft.AspNetCore.OpenApi": {
        "type": "Direct",
        "requested": "[10.0.12, )",
        "resolved": "10.0.12",
        "contentHash": "7RnQ/UKn+kK3JDLmTpW+vVqNErWthGPAVAy1aIiBzv4ucQ6g9NFvOJUuT0PHcpvcJxGVxctMxj6t+NESWMrgHQ==",
        "dependencies": {
          "Microsoft.OpenApi": "[2.12.0, 3.0.0)"
        }
      },
      "Microsoft.VisualStudio.Azure.Containers.Tools.Targets": {
        "type": "Direct",
        "requested": "[1.23.0, )",
        "resolved": "1.23.0",
        "contentHash": "2wDnb4umupJZ/1ikgWozFVpggH1mlHQFc0odXVv2ZagL3RYwXgW9zmC15fiqIBzmaC0vLZUnLGwDY+p8ZR7Syw=="
      },
      "dotNetRdf.Ontology": {
        "type": "Transitive",
        "resolved": "3.5.2",
        "contentHash": "NNHfc3XRB5mT9bNEbUxPVr96ZuEaumt0pcNTCyL2HwcjmJLr7HJhMhfSwblD6bt0q1NIJnEQGlZz9MJslBR86w==",
        "dependencies": {
          "dotNetRdf.Core": "3.5.2"
        }
      },
      "HtmlAgilityPack": {
        "type": "Transitive",
        "resolved": "1.12.4",
        "contentHash": "ljqvBabvFwKoLniuoQKO8b5bJfJweKLs4fUNS/V5dsvpo0A8MlJqxxn9XVmP2DaskbUXty6IYaWAi1SArGIMeQ=="
      },
      "Microsoft.OpenApi": {
        "type": "Transitive",
        "resolved": "2.12.0",
        "contentHash": "0xB/be+f6qYOhvQPUrVsLrau+fkowYv6gt9RIkajMhwT7sZnqtcA797yW3bS5kgSje+AQW4xZgyLnW641YFioQ=="
      },
      "Newtonsoft.Json.Bson": {
        "type": "Transitive",
        "resolved": "1.0.2",
        "contentHash": "QYFyxhaABwmq3p/21VrZNYvCg3DaEoN/wUuw5nmfAf0X3HLjgupwhkEWdgfb9nvGAUIv3osmZoD3kKl4jxEmYQ==",
        "dependencies": {
          "Newtonsoft.Json": "12.0.1"
        }
      },
      "System.Configuration.ConfigurationManager": {
        "type": "Transitive",
        "resolved": "10.0.8",
        "contentHash": "QG+HHwJjLyUiRuA9axr5pDqHAxboo7FXCTRakxMABE9CUAUij/tsd/MsgQPJUEppkf+YBLT+F/P/wKIVCAIcNg==",
        "dependencies": {
          "System.Security.Cryptography.ProtectedData": "10.0.8"
        }
      },
      "System.Reflection.TypeExtensions": {
        "type": "Transitive",
        "resolved": "4.7.0",
        "contentHash": "VybpaOQQhqE6siHppMktjfGBw1GCwvCqiufqmP8F1nj7fTUNtW35LOEt3UZTEsECfo+ELAl/9o9nJx3U91i7vA=="
      },
      "System.Security.Cryptography.ProtectedData": {
        "type": "Transitive",
        "resolved": "10.0.8",
        "contentHash": "/ldVgSfImIBp6fLWS7sLH0BnmtFj0ZwGlZo4Xx2q0K3ZhJNDbW45kj2f6zPoC+L+BTINuHdMzTsopuwmkbgcNA=="
      },
      "VDS.Common": {
        "type": "Transitive",
        "resolved": "3.0.1",
        "contentHash": "37Xq3UfF7gbcKhFhx2dgRIatLCrbkg/99XVSkIi9pJtttmHEfGX483Ix52mO3PPPZI6YNbZjzHfH5hQwwb+X2g=="
      },
      "oslc4net.changemanagementcommon": {
        "type": "Project",
        "dependencies": {
          "CommunityToolkit.Diagnostics": "[8.4.2, )",
          "OSLC4Net.Core": "[99.99.99.9999, )"
        }
      },
      "oslc4net.core": {
        "type": "Project",
        "dependencies": {
          "CommunityToolkit.Diagnostics": "[8.4.2, )"
        }
      },
      "oslc4net.core.dotnetrdfprovider": {
        "type": "Project",
        "dependencies": {
          "CommunityToolkit.Diagnostics": "[8.4.2, )",
          "Microsoft.AspNet.WebApi.Client": "[6.0.0, )",
          "Newtonsoft.Json": "[13.0.4, )",
          "OSLC4Net.Core": "[99.99.99.9999, )",
          "dotNetRdf.Core": "[3.5.2, )",
          "dotNetRdf.Inferencing": "[3.5.2, )"
        }
      },
      "oslc4net.server.providers": {
        "type": "Project",
        "dependencies": {
          "OSLC4Net.Core": "[99.99.99.9999, )",
          "OSLC4Net.Core.DotNetRdfProvider": "[99.99.99.9999, )"
        }
      },
      "AngleSharp": {
        "type": "CentralTransitive",
        "requested": "[1.5.2, )",
        "resolved": "1.5.2",
        "contentHash": "LVZ7rrr6GHbhERhTgVDarVygl1e6KwE96pronA90LBOMacDhxR4lB+xYLjn/vlnUu+xbOB2RM9fuCPEx5bdyWA=="
      },
      "CommunityToolkit.Diagnostics": {
        "type": "CentralTransitive",
        "requested": "[8.4.2, )",
        "resolved": "8.4.2",
        "contentHash": "WC0fk3A49gk6kWjhSZ8CDgPkv+wPHGhMFxUrKRlLtzUYXRFOdTDQ4RsEkZnI9ApO7eJh6nqT2MFmwFptpMs7aw=="
      },
      "dotNetRdf.Core": {
        "type": "CentralTransitive",
        "requested": "[3.5.2, )",
        "resolved": "3.5.2",
        "contentHash": "rHp/RXZelasYYuWLdqAlXuN7bPx6zkxBZ5fOi2WV5tG1plb2muaZCDgnHb8CBwtrsQyCH+oBOICfF33IxIKBjg==",
        "dependencies": {
          "AngleSharp": "1.4.0",
          "HtmlAgilityPack": "1.12.4",
          "Newtonsoft.Json": "13.0.4",
          "System.Configuration.ConfigurationManager": "10.0.8",
          "System.Reflection.TypeExtensions": "4.7.0",
          "VDS.Common": "3.0.1"
        }
      },
      "dotNetRdf.Inferencing": {
        "type": "CentralTransitive",
        "requested": "[3.5.2, )",
        "resolved": "3.5.2",
        "contentHash": "2yhSTW+iQVr41tjhbrx3uSCkTlrgSPXSbsb1StvB5Og6YUb6qMOyZ9HfrW2Yfv/oTB9mifPCHOTu23nIk8Qm5A==",
        "dependencies": {
          "dotNetRdf.Ontology": "3.5.2"
        }
      },
      "Microsoft.AspNet.WebApi.Client": {
        "type": "CentralTransitive",
        "requested": "[6.0.0, )",
        "resolved": "6.0.0",
        "contentHash": "zXeWP03dTo67AoDHUzR+/urck0KFssdCKOC+dq7Nv1V2YbFh/nIg09L0/3wSvyRONEdwxGB/ssEGmPNIIhAcAw==",
        "dependencies": {
          "Newtonsoft.Json": "13.0.1",
          "Newtonsoft.Json.Bson": "1.0.2"
        }
      },
      "Newtonsoft.Json": {
        "type": "CentralTransitive",
        "requested": "[13.0.4, )",
        "resolved": "13.0.4",
        "contentHash": "pdgNNMai3zv51W5aq268sujXUyx7SNdE2bj1wZcWjAQrKMFZV260lbqYop1d2GM67JI1huLRwxo9ZqnfF/lC6A=="
      }
    }
  }
}
