{
  "version": 2,
  "dependencies": {
    "net10.0": {
      "Meziantou.Analyzer": {
        "type": "Direct",
        "requested": "[3.0.259, )",
        "resolved": "3.0.259",
        "contentHash": "WhnkpMzWWsUhdEEyPVXRVZx1maVnfymzJuzZn3bkDsgrgFd4WxKfCLzG1ZK7k0dmuJC8T9IAM72UwYaA1wmF/Q=="
      },
      "Microsoft.AspNetCore.TestHost": {
        "type": "Direct",
        "requested": "[10.0.12, )",
        "resolved": "10.0.12",
        "contentHash": "bTHgbcjSrLxlqSasYRDU9BcJ3hDGoqIjtDY0soLNrndOWi3kxtOyddwUMaNZgtoI2Uf6y7ZQs2EuVj0c20B7mA=="
      },
      "Microsoft.NET.Test.Sdk": {
        "type": "Direct",
        "requested": "[18.10.1, )",
        "resolved": "18.10.1",
        "contentHash": "SxCFvJE/2ltUQgCgv6+Ixagohw4sZc9hM7Wid2foaNM7paBscktoHLoRDz91fW8wbHG87Rg9Ku59/8PXumqUrA==",
        "dependencies": {
          "Microsoft.CodeCoverage": "18.10.1",
          "Microsoft.TestPlatform.TestHost": "18.10.1"
        }
      },
      "TUnit": {
        "type": "Direct",
        "requested": "[1.68.4, )",
        "resolved": "1.68.4",
        "contentHash": "rAVNQgdPkJ4nyUAwvE06FafpX4vw9FMC3P2XRO6qifcwk0wWVFmY5D18LRKsEldcXTOlZH8z88v2DL/QuQ1scw==",
        "dependencies": {
          "Microsoft.Testing.Extensions.CodeCoverage": "18.10.0",
          "Microsoft.Testing.Extensions.Telemetry": "2.4.0",
          "Microsoft.Testing.Extensions.TrxReport": "2.3.3",
          "TUnit.Assertions": "1.68.4",
          "TUnit.Engine": "1.68.4"
        }
      },
      "dotNetRdf.Ontology": {
        "type": "Transitive",
        "resolved": "3.5.2",
        "contentHash": "NNHfc3XRB5mT9bNEbUxPVr96ZuEaumt0pcNTCyL2HwcjmJLr7HJhMhfSwblD6bt0q1NIJnEQGlZz9MJslBR86w==",
        "dependencies": {
          "dotNetRdf.Core": "3.5.2"
        }
      },
      "HtmlAgilityPack": {
        "type": "Transitive",
        "resolved": "1.12.4",
        "contentHash": "ljqvBabvFwKoLniuoQKO8b5bJfJweKLs4fUNS/V5dsvpo0A8MlJqxxn9XVmP2DaskbUXty6IYaWAi1SArGIMeQ=="
      },
      "Microsoft.ApplicationInsights": {
        "type": "Transitive",
        "resolved": "2.23.0",
        "contentHash": "nWArUZTdU7iqZLycLKWe0TDms48KKGE6pONH2terYNa8REXiqixrMOkf1sk5DHGMaUTqONU2YkS4SAXBhLStgw=="
      },
      "Microsoft.CodeCoverage": {
        "type": "Transitive",
        "resolved": "18.10.1",
        "contentHash": "tV7tCyp/t+DuwQugLkCeUN7NBFFB4fEGRPr0gkMQ2nQgAvQQjmGlZZi1dsLzbyoe/A0mbnKybmkIh8qhT9p4Zw=="
      },
      "Microsoft.DiaSymReader": {
        "type": "Transitive",
        "resolved": "2.2.10",
        "contentHash": "zmGsm6b2y3STDa/Of7rdkkfTDV8VuGB8aCqIkLoJIQh5tL78K3zJ8OUyFKnfsaORXmGr9iOKwDkZfUjeXi+CwA=="
      },
      "Microsoft.Extensions.DependencyModel": {
        "type": "Transitive",
        "resolved": "10.0.10",
        "contentHash": "rfZA1RjR021RPqSmIPovfz2aOd79TGqJ9BengbjnzIISOVwjLmuSDnhCMmiY/1c6iYvGolQ1iNGzkav0u11XEA=="
      },
      "Microsoft.Testing.Extensions.CodeCoverage": {
        "type": "Transitive",
        "resolved": "18.10.0",
        "contentHash": "elUX4tKloHh2VCxagbmhV1039xBuE3lKXITtt/hUYU286hl+ja8poOUsF9OnevKoFKt7+p9vLb1LqqW7rFGi9Q==",
        "dependencies": {
          "Microsoft.DiaSymReader": "2.2.10",
          "Microsoft.Extensions.DependencyModel": "10.0.10",
          "Microsoft.Testing.Platform": "2.3.3"
        }
      },
      "Microsoft.Testing.Extensions.Telemetry": {
        "type": "Transitive",
        "resolved": "2.4.0",
        "contentHash": "JeP1RFqBa11fWmBk8xEfZcMKr4rxWSyI6OZ+659V069CaMkTEOQBW2UdSSeNz3absOsygcn7JJkzerC4LGnZ9w==",
        "dependencies": {
          "Microsoft.ApplicationInsights": "2.23.0",
          "Microsoft.Testing.Platform": "[2.4.0, 3.0.0)"
        }
      },
      "Microsoft.Testing.Extensions.TrxReport.Abstractions": {
        "type": "Transitive",
        "resolved": "2.4.0",
        "contentHash": "uRb+4qM42dFDg4kWJZ2kFEcwESNVCRZJjItp5vETorN3rSJGysP617LqYirOcrCYmxg+obPreHMM5JcsNDKtBw==",
        "dependencies": {
          "Microsoft.Testing.Platform": "[2.4.0, 3.0.0)"
        }
      },
      "Microsoft.Testing.Platform": {
        "type": "Transitive",
        "resolved": "2.4.0",
        "contentHash": "dp1N3P1ujb0ztwFgqz2o/ItEvq+pm19/AiA+Xq7Zpcy7oPMcxDBZLYGtf0LlU1MveEBJuKVjZhI+LnkfcH/0jQ=="
      },
      "Microsoft.Testing.Platform.MSBuild": {
        "type": "Transitive",
        "resolved": "2.4.0",
        "contentHash": "qr5M6h16YHMJLFDcWELFVMMpGte2BUmveBZKT5YoBV+bmuJRPu9bv/Zqke4yQuOEKRNxoAETrG5jr+/6Rnr3Hg==",
        "dependencies": {
          "Microsoft.Testing.Platform": "[2.4.0, 3.0.0)"
        }
      },
      "Microsoft.TestPlatform.ObjectModel": {
        "type": "Transitive",
        "resolved": "18.10.1",
        "contentHash": "o+PuLDRVp1iwiVAPBADZItXgm9Ck23XtPhE4kZtZVi0uYnMiiz1Dx9Cjh75kJ+ijfqnORL3VOTOaQVKi0f/ixg=="
      },
      "Microsoft.TestPlatform.TestHost": {
        "type": "Transitive",
        "resolved": "18.10.1",
        "contentHash": "KYz2omqkoz9E2mWa4fdgT+Ycie1wi5968EmyJlusjlp87RxxtA2FvDm8tcBEYIDzLnkWGnsKjE4d13Z7/rxkQA==",
        "dependencies": {
          "Microsoft.TestPlatform.ObjectModel": "18.10.1"
        }
      },
      "Newtonsoft.Json.Bson": {
        "type": "Transitive",
        "resolved": "1.0.2",
        "contentHash": "QYFyxhaABwmq3p/21VrZNYvCg3DaEoN/wUuw5nmfAf0X3HLjgupwhkEWdgfb9nvGAUIv3osmZoD3kKl4jxEmYQ==",
        "dependencies": {
          "Newtonsoft.Json": "12.0.1"
        }
      },
      "System.Configuration.ConfigurationManager": {
        "type": "Transitive",
        "resolved": "10.0.8",
        "contentHash": "QG+HHwJjLyUiRuA9axr5pDqHAxboo7FXCTRakxMABE9CUAUij/tsd/MsgQPJUEppkf+YBLT+F/P/wKIVCAIcNg==",
        "dependencies": {
          "System.Security.Cryptography.ProtectedData": "10.0.8"
        }
      },
      "System.Reflection.TypeExtensions": {
        "type": "Transitive",
        "resolved": "4.7.0",
        "contentHash": "VybpaOQQhqE6siHppMktjfGBw1GCwvCqiufqmP8F1nj7fTUNtW35LOEt3UZTEsECfo+ELAl/9o9nJx3U91i7vA=="
      },
      "System.Security.Cryptography.ProtectedData": {
        "type": "Transitive",
        "resolved": "10.0.8",
        "contentHash": "/ldVgSfImIBp6fLWS7sLH0BnmtFj0ZwGlZo4Xx2q0K3ZhJNDbW45kj2f6zPoC+L+BTINuHdMzTsopuwmkbgcNA=="
      },
      "TUnit.Assertions": {
        "type": "Transitive",
        "resolved": "1.68.4",
        "contentHash": "+cNKJ3TGN9WGQKsQJsPnF4kgO6M5+C0vKMcgyRCDBNjPGh+9MBSy3hrWrLou3OfBXTqUvB5EJRvDUKqeO9qGxg=="
      },
      "TUnit.Core": {
        "type": "Transitive",
        "resolved": "1.68.4",
        "contentHash": "bXGPJ+sGVJ6/ydEo2M9exc4k1+mT/PhdfN/5Hw90BoKUnK6OT1m+ynjM9EB/ZfSmSqJO9Saw/oXeT5NvSOEEgA=="
      },
      "TUnit.Engine": {
        "type": "Transitive",
        "resolved": "1.68.4",
        "contentHash": "SLvecJssE/mpzOy51Q0eVFUSGvrO4R5iPpg5xu/PZfd9iXBxyhwUCaGo1lcNvhjKK1TuG+VhgGzj0Vjyqr0Ckw==",
        "dependencies": {
          "Microsoft.Testing.Extensions.TrxReport.Abstractions": "2.4.0",
          "Microsoft.Testing.Platform": "2.4.0",
          "Microsoft.Testing.Platform.MSBuild": "2.4.0",
          "TUnit.Core": "1.68.4"
        }
      },
      "VDS.Common": {
        "type": "Transitive",
        "resolved": "3.0.1",
        "contentHash": "37Xq3UfF7gbcKhFhx2dgRIatLCrbkg/99XVSkIi9pJtttmHEfGX483Ix52mO3PPPZI6YNbZjzHfH5hQwwb+X2g=="
      },
      "oslc4net.core": {
        "type": "Project",
        "dependencies": {
          "CommunityToolkit.Diagnostics": "[8.4.2, )"
        }
      },
      "oslc4net.core.dotnetrdfprovider": {
        "type": "Project",
        "dependencies": {
          "CommunityToolkit.Diagnostics": "[8.4.2, )",
          "Microsoft.AspNet.WebApi.Client": "[6.0.0, )",
          "Newtonsoft.Json": "[13.0.4, )",
          "OSLC4Net.Core": "[99.99.99.9999, )",
          "dotNetRdf.Core": "[3.5.2, )",
          "dotNetRdf.Inferencing": "[3.5.2, )"
        }
      },
      "oslc4net.domains.changemanagement": {
        "type": "Project",
        "dependencies": {
          "OSLC4Net.Core": "[99.99.99.9999, )"
        }
      },
      "oslc4net.domains.configurationmanagement": {
        "type": "Project",
        "dependencies": {
          "OSLC4Net.Core": "[99.99.99.9999, )"
        }
      },
      "oslc4net.domains.sysmlv2": {
        "type": "Project",
        "dependencies": {
          "OSLC4Net.Core": "[99.99.99.9999, )"
        }
      },
      "oslc4net.domains.trackedresourceset": {
        "type": "Project",
        "dependencies": {
          "OSLC4Net.Core": "[99.99.99.9999, )"
        }
      },
      "oslc4net.server.providers": {
        "type": "Project",
        "dependencies": {
          "OSLC4Net.Core": "[99.99.99.9999, )",
          "OSLC4Net.Core.DotNetRdfProvider": "[99.99.99.9999, )"
        }
      },
      "AngleSharp": {
        "type": "CentralTransitive",
        "requested": "[1.5.2, )",
        "resolved": "1.5.2",
        "contentHash": "LVZ7rrr6GHbhERhTgVDarVygl1e6KwE96pronA90LBOMacDhxR4lB+xYLjn/vlnUu+xbOB2RM9fuCPEx5bdyWA=="
      },
      "CommunityToolkit.Diagnostics": {
        "type": "CentralTransitive",
        "requested": "[8.4.2, )",
        "resolved": "8.4.2",
        "contentHash": "WC0fk3A49gk6kWjhSZ8CDgPkv+wPHGhMFxUrKRlLtzUYXRFOdTDQ4RsEkZnI9ApO7eJh6nqT2MFmwFptpMs7aw=="
      },
      "dotNetRdf.Core": {
        "type": "CentralTransitive",
        "requested": "[3.5.2, )",
        "resolved": "3.5.2",
        "contentHash": "rHp/RXZelasYYuWLdqAlXuN7bPx6zkxBZ5fOi2WV5tG1plb2muaZCDgnHb8CBwtrsQyCH+oBOICfF33IxIKBjg==",
        "dependencies": {
          "AngleSharp": "1.4.0",
          "HtmlAgilityPack": "1.12.4",
          "Newtonsoft.Json": "13.0.4",
          "System.Configuration.ConfigurationManager": "10.0.8",
          "System.Reflection.TypeExtensions": "4.7.0",
          "VDS.Common": "3.0.1"
        }
      },
      "dotNetRdf.Inferencing": {
        "type": "CentralTransitive",
        "requested": "[3.5.2, )",
        "resolved": "3.5.2",
        "contentHash": "2yhSTW+iQVr41tjhbrx3uSCkTlrgSPXSbsb1StvB5Og6YUb6qMOyZ9HfrW2Yfv/oTB9mifPCHOTu23nIk8Qm5A==",
        "dependencies": {
          "dotNetRdf.Ontology": "3.5.2"
        }
      },
      "Microsoft.AspNet.WebApi.Client": {
        "type": "CentralTransitive",
        "requested": "[6.0.0, )",
        "resolved": "6.0.0",
        "contentHash": "zXeWP03dTo67AoDHUzR+/urck0KFssdCKOC+dq7Nv1V2YbFh/nIg09L0/3wSvyRONEdwxGB/ssEGmPNIIhAcAw==",
        "dependencies": {
          "Newtonsoft.Json": "13.0.1",
          "Newtonsoft.Json.Bson": "1.0.2"
        }
      },
      "Microsoft.Testing.Extensions.TrxReport": {
        "type": "CentralTransitive",
        "requested": "[2.3.3, )",
        "resolved": "2.3.3",
        "contentHash": "vYBqGSlT94B8d6d4PRdPQ83ogn3kK4kXcnI3SlHBHZu1XsU01IDTMnWoto5v5wXN/Mz4XsVM3Do/sJdGRgH29g==",
        "dependencies": {
          "Microsoft.Testing.Extensions.TrxReport.Abstractions": "2.3.3",
          "Microsoft.Testing.Platform": "2.3.3"
        }
      },
      "Newtonsoft.Json": {
        "type": "CentralTransitive",
        "requested": "[13.0.4, )",
        "resolved": "13.0.4",
        "contentHash": "pdgNNMai3zv51W5aq268sujXUyx7SNdE2bj1wZcWjAQrKMFZV260lbqYop1d2GM67JI1huLRwxo9ZqnfF/lC6A=="
      }
    }
  }
}
