{
  "version": 2,
  "dependencies": {
    "net10.0": {
      "CommunityToolkit.Diagnostics": {
        "type": "Direct",
        "requested": "[8.4.2, )",
        "resolved": "8.4.2",
        "contentHash": "WC0fk3A49gk6kWjhSZ8CDgPkv+wPHGhMFxUrKRlLtzUYXRFOdTDQ4RsEkZnI9ApO7eJh6nqT2MFmwFptpMs7aw=="
      },
      "Meziantou.Analyzer": {
        "type": "Direct",
        "requested": "[3.0.259, )",
        "resolved": "3.0.259",
        "contentHash": "WhnkpMzWWsUhdEEyPVXRVZx1maVnfymzJuzZn3bkDsgrgFd4WxKfCLzG1ZK7k0dmuJC8T9IAM72UwYaA1wmF/Q=="
      },
      "oslc4net.core": {
        "type": "Project",
        "dependencies": {
          "CommunityToolkit.Diagnostics": "[8.4.2, )"
        }
      }
    }
  }
}
